
Microsoft Visual Studio Solution File, Format Version 12.00
# Visual Studio Version 17
VisualStudioVersion = 17.11.35327.3
MinimumVisualStudioVersion = 10.0.40219.1
Project("{FAE04EC0-301F-11D3-BF4B-00C04F79EFBC}") = "LinqImplementation", "LinqImplementation\LinqImplementation.csproj", "{2074BA5C-7F25-4EAA-BC5A-8442CFB2B1A7}"
EndProject
Global
	GlobalSection(SolutionConfigurationPlatforms) = preSolution
		Debug|Any CPU = Debug|Any CPU
		Release|Any CPU = Release|Any CPU
	EndGlobalSection
	GlobalSection(ProjectConfigurationPlatforms) = postSolution
		{2074BA5C-7F25-4EAA-BC5A-8442CFB2B1A7}.Debug|Any CPU.ActiveCfg = Debug|Any CPU
		{2074BA5C-7F25-4EAA-BC5A-8442CFB2B1A7}.Debug|Any CPU.Build.0 = Debug|Any CPU
		{2074BA5C-7F25-4EAA-BC5A-8442CFB2B1A7}.Release|Any CPU.ActiveCfg = Release|Any CPU
		{2074BA5C-7F25-4EAA-BC5A-8442CFB2B1A7}.Release|Any CPU.Build.0 = Release|Any CPU
	EndGlobalSection
	GlobalSection(SolutionProperties) = preSolution
		HideSolutionNode = FALSE
	EndGlobalSection
	GlobalSection(ExtensibilityGlobals) = postSolution
		SolutionGuid = {CEF265C9-3C03-4EBE-99B3-0066E832399B}
	EndGlobalSection
EndGlobal
