
Microsoft Visual Studio Solution File, Format Version 12.00
# Visual Studio Version 17
VisualStudioVersion = 17.11.35327.3
MinimumVisualStudioVersion = 10.0.40219.1
Project("{FAE04EC0-301F-11D3-BF4B-00C04F79EFBC}") = "MyApp.Api", "MyApp.Api\MyApp.Api.csproj", "{BAFCE700-E538-4686-97AD-A7035C19B5AA}"
EndProject
Project("{FAE04EC0-301F-11D3-BF4B-00C04F79EFBC}") = "MyApp.Core", "MyApp.Core\MyApp.Core.csproj", "{0314058A-3574-421C-91F5-90DE091EE1C7}"
EndProject
Project("{FAE04EC0-301F-11D3-BF4B-00C04F79EFBC}") = "MyApp.Application", "MyApp.Application\MyApp.Application.csproj", "{7409A346-42A2-410D-99D0-730C4A70E9E1}"
EndProject
Project("{FAE04EC0-301F-11D3-BF4B-00C04F79EFBC}") = "MyApp.Infrastructure", "MyApp.Infrastructure\MyApp.Infrastructure.csproj", "{05FBE826-78FA-4F7B-9859-59C8545EC714}"
EndProject
Global
	GlobalSection(SolutionConfigurationPlatforms) = preSolution
		Debug|Any CPU = Debug|Any CPU
		Release|Any CPU = Release|Any CPU
	EndGlobalSection
	GlobalSection(ProjectConfigurationPlatforms) = postSolution
		{BAFCE700-E538-4686-97AD-A7035C19B5AA}.Debug|Any CPU.ActiveCfg = Debug|Any CPU
		{BAFCE700-E538-4686-97AD-A7035C19B5AA}.Debug|Any CPU.Build.0 = Debug|Any CPU
		{BAFCE700-E538-4686-97AD-A7035C19B5AA}.Release|Any CPU.ActiveCfg = Release|Any CPU
		{BAFCE700-E538-4686-97AD-A7035C19B5AA}.Release|Any CPU.Build.0 = Release|Any CPU
		{0314058A-3574-421C-91F5-90DE091EE1C7}.Debug|Any CPU.ActiveCfg = Debug|Any CPU
		{0314058A-3574-421C-91F5-90DE091EE1C7}.Debug|Any CPU.Build.0 = Debug|Any CPU
		{0314058A-3574-421C-91F5-90DE091EE1C7}.Release|Any CPU.ActiveCfg = Release|Any CPU
		{0314058A-3574-421C-91F5-90DE091EE1C7}.Release|Any CPU.Build.0 = Release|Any CPU
		{7409A346-42A2-410D-99D0-730C4A70E9E1}.Debug|Any CPU.ActiveCfg = Debug|Any CPU
		{7409A346-42A2-410D-99D0-730C4A70E9E1}.Debug|Any CPU.Build.0 = Debug|Any CPU
		{7409A346-42A2-410D-99D0-730C4A70E9E1}.Release|Any CPU.ActiveCfg = Release|Any CPU
		{7409A346-42A2-410D-99D0-730C4A70E9E1}.Release|Any CPU.Build.0 = Release|Any CPU
		{05FBE826-78FA-4F7B-9859-59C8545EC714}.Debug|Any CPU.ActiveCfg = Debug|Any CPU
		{05FBE826-78FA-4F7B-9859-59C8545EC714}.Debug|Any CPU.Build.0 = Debug|Any CPU
		{05FBE826-78FA-4F7B-9859-59C8545EC714}.Release|Any CPU.ActiveCfg = Release|Any CPU
		{05FBE826-78FA-4F7B-9859-59C8545EC714}.Release|Any CPU.Build.0 = Release|Any CPU
	EndGlobalSection
	GlobalSection(SolutionProperties) = preSolution
		HideSolutionNode = FALSE
	EndGlobalSection
	GlobalSection(ExtensibilityGlobals) = postSolution
		SolutionGuid = {7575A997-C28C-418A-9AB8-6DE83209A9CC}
	EndGlobalSection
EndGlobal
