
Microsoft Visual Studio Solution File, Format Version 12.00
# Visual Studio Version 17
VisualStudioVersion = 17.11.35327.3
MinimumVisualStudioVersion = 10.0.40219.1
Project("{FAE04EC0-301F-11D3-BF4B-00C04F79EFBC}") = "CollectionInterface", "CollectionInterface\CollectionInterface.csproj", "{5BB65517-6564-4567-A822-80B50D909BF3}"
EndProject
Global
	GlobalSection(SolutionConfigurationPlatforms) = preSolution
		Debug|Any CPU = Debug|Any CPU
		Release|Any CPU = Release|Any CPU
	EndGlobalSection
	GlobalSection(ProjectConfigurationPlatforms) = postSolution
		{5BB65517-6564-4567-A822-80B50D909BF3}.Debug|Any CPU.ActiveCfg = Debug|Any CPU
		{5BB65517-6564-4567-A822-80B50D909BF3}.Debug|Any CPU.Build.0 = Debug|Any CPU
		{5BB65517-6564-4567-A822-80B50D909BF3}.Release|Any CPU.ActiveCfg = Release|Any CPU
		{5BB65517-6564-4567-A822-80B50D909BF3}.Release|Any CPU.Build.0 = Release|Any CPU
	EndGlobalSection
	GlobalSection(SolutionProperties) = preSolution
		HideSolutionNode = FALSE
	EndGlobalSection
	GlobalSection(ExtensibilityGlobals) = postSolution
		SolutionGuid = {CB984645-6E0A-4B8B-ADC0-D3E5CA20C6EC}
	EndGlobalSection
EndGlobal
