
Microsoft Visual Studio Solution File, Format Version 12.00
# Visual Studio Version 17
VisualStudioVersion = 17.11.35327.3
MinimumVisualStudioVersion = 10.0.40219.1
Project("{FAE04EC0-301F-11D3-BF4B-00C04F79EFBC}") = "delegates", "delegates\delegates.csproj", "{2F1BA013-D583-4A4E-A770-C651819CBC31}"
EndProject
Project("{FAE04EC0-301F-11D3-BF4B-00C04F79EFBC}") = "collection", "collection\collection.csproj", "{486779C0-50B4-4560-BF99-B6A978776103}"
EndProject
Global
	GlobalSection(SolutionConfigurationPlatforms) = preSolution
		Debug|Any CPU = Debug|Any CPU
		Release|Any CPU = Release|Any CPU
	EndGlobalSection
	GlobalSection(ProjectConfigurationPlatforms) = postSolution
		{2F1BA013-D583-4A4E-A770-C651819CBC31}.Debug|Any CPU.ActiveCfg = Debug|Any CPU
		{2F1BA013-D583-4A4E-A770-C651819CBC31}.Debug|Any CPU.Build.0 = Debug|Any CPU
		{2F1BA013-D583-4A4E-A770-C651819CBC31}.Release|Any CPU.ActiveCfg = Release|Any CPU
		{2F1BA013-D583-4A4E-A770-C651819CBC31}.Release|Any CPU.Build.0 = Release|Any CPU
		{486779C0-50B4-4560-BF99-B6A978776103}.Debug|Any CPU.ActiveCfg = Debug|Any CPU
		{486779C0-50B4-4560-BF99-B6A978776103}.Debug|Any CPU.Build.0 = Debug|Any CPU
		{486779C0-50B4-4560-BF99-B6A978776103}.Release|Any CPU.ActiveCfg = Release|Any CPU
		{486779C0-50B4-4560-BF99-B6A978776103}.Release|Any CPU.Build.0 = Release|Any CPU
	EndGlobalSection
	GlobalSection(SolutionProperties) = preSolution
		HideSolutionNode = FALSE
	EndGlobalSection
	GlobalSection(ExtensibilityGlobals) = postSolution
		SolutionGuid = {9C6D60BA-6676-4F44-B52D-26F35EA26B28}
	EndGlobalSection
EndGlobal
